
Microsoft Visual Studio Solution File, Format Version 12.00
# Visual Studio 15
Project("{FAE04EC0-301F-11D3-BF4B-00C04F79EFBC}") = "numberGuessingGame", "numberGuessingGame\numberGuessingGame.csproj", "{8F58CF47-EF37-4B42-87AB-1CE3E1204F11}"
EndProject
Global
	GlobalSection(SolutionConfigurationPlatforms) = preSolution
		Debug|Any CPU = Debug|Any CPU
		Release|Any CPU = Release|Any CPU
	EndGlobalSection
	GlobalSection(ProjectConfigurationPlatforms) = postSolution
		{8F58CF47-EF37-4B42-87AB-1CE3E1204F11}.Debug|Any CPU.ActiveCfg = Debug|Any CPU
		{8F58CF47-EF37-4B42-87AB-1CE3E1204F11}.Debug|Any CPU.Build.0 = Debug|Any CPU
		{8F58CF47-EF37-4B42-87AB-1CE3E1204F11}.Release|Any CPU.ActiveCfg = Release|Any CPU
		{8F58CF47-EF37-4B42-87AB-1CE3E1204F11}.Release|Any CPU.Build.0 = Release|Any CPU
	EndGlobalSection
EndGlobal
